
Microsoft Visual Studio Solution File, Format Version 12.00
# Visual Studio 15
VisualStudioVersion = 15.0.28307.106
MinimumVisualStudioVersion = 10.0.40219.1
Project("{FAE04EC0-301F-11D3-BF4B-00C04F79EFBC}") = "LibMas", "LibMas\LibMas.csproj", "{1167FF03-0BCB-4D1D-9648-24E79C77280A}"
EndProject
Global
	GlobalSection(SolutionConfigurationPlatforms) = preSolution
		Debug|Any CPU = Debug|Any CPU
		Release|Any CPU = Release|Any CPU
	EndGlobalSection
	GlobalSection(ProjectConfigurationPlatforms) = postSolution
		{1167FF03-0BCB-4D1D-9648-24E79C77280A}.Debug|Any CPU.ActiveCfg = Debug|Any CPU
		{1167FF03-0BCB-4D1D-9648-24E79C77280A}.Debug|Any CPU.Build.0 = Debug|Any CPU
		{1167FF03-0BCB-4D1D-9648-24E79C77280A}.Release|Any CPU.ActiveCfg = Release|Any CPU
		{1167FF03-0BCB-4D1D-9648-24E79C77280A}.Release|Any CPU.Build.0 = Release|Any CPU
	EndGlobalSection
	GlobalSection(SolutionProperties) = preSolution
		HideSolutionNode = FALSE
	EndGlobalSection
	GlobalSection(ExtensibilityGlobals) = postSolution
		SolutionGuid = {FDCC4469-50FC-4D25-9305-2716E1CB081D}
	EndGlobalSection
EndGlobal
